
Microsoft Visual Studio Solution File, Format Version 12.00
# Visual Studio 15
VisualStudioVersion = 15.0.26730.16
MinimumVisualStudioVersion = 10.0.40219.1
Project("{2150E333-8FDC-42A3-9474-1A3956D46DE8}") = "src", "src", "{21DB24CB-B302-474B-9FC2-2A1243923C9C}"
EndProject
Project("{2150E333-8FDC-42A3-9474-1A3956D46DE8}") = "tests", "tests", "{908A8F5F-7DCB-4C83-AFF4-FB7EF8F210BE}"
EndProject
Project("{FAE04EC0-301F-11D3-BF4B-00C04F79EFBC}") = "WpfUi", "src\WpfUi\WpfUi.csproj", "{D11C32E9-5337-4A74-8E22-3DF1DEC9E25F}"
	ProjectSection(ProjectDependencies) = postProject
		{2DD1724F-0F00-4AB3-945D-5AA9884B4F97} = {2DD1724F-0F00-4AB3-945D-5AA9884B4F97}
	EndProjectSection
EndProject
Project("{FAE04EC0-301F-11D3-BF4B-00C04F79EFBC}") = "WcfService.Test", "tests\WcfService.Test\WcfService.Test.csproj", "{9C299D3B-83A3-498E-91A6-F2B353756002}"
EndProject
Project("{FAE04EC0-301F-11D3-BF4B-00C04F79EFBC}") = "WcfApi", "src\WcfApi\WcfApi.csproj", "{2DD1724F-0F00-4AB3-945D-5AA9884B4F97}"
EndProject
Global
	GlobalSection(SolutionConfigurationPlatforms) = preSolution
		Debug|Any CPU = Debug|Any CPU
		Release|Any CPU = Release|Any CPU
	EndGlobalSection
	GlobalSection(ProjectConfigurationPlatforms) = postSolution
		{D11C32E9-5337-4A74-8E22-3DF1DEC9E25F}.Debug|Any CPU.ActiveCfg = Debug|Any CPU
		{D11C32E9-5337-4A74-8E22-3DF1DEC9E25F}.Debug|Any CPU.Build.0 = Debug|Any CPU
		{D11C32E9-5337-4A74-8E22-3DF1DEC9E25F}.Release|Any CPU.ActiveCfg = Release|Any CPU
		{D11C32E9-5337-4A74-8E22-3DF1DEC9E25F}.Release|Any CPU.Build.0 = Release|Any CPU
		{9C299D3B-83A3-498E-91A6-F2B353756002}.Debug|Any CPU.ActiveCfg = Debug|Any CPU
		{9C299D3B-83A3-498E-91A6-F2B353756002}.Debug|Any CPU.Build.0 = Debug|Any CPU
		{9C299D3B-83A3-498E-91A6-F2B353756002}.Release|Any CPU.ActiveCfg = Release|Any CPU
		{9C299D3B-83A3-498E-91A6-F2B353756002}.Release|Any CPU.Build.0 = Release|Any CPU
		{2DD1724F-0F00-4AB3-945D-5AA9884B4F97}.Debug|Any CPU.ActiveCfg = Debug|Any CPU
		{2DD1724F-0F00-4AB3-945D-5AA9884B4F97}.Debug|Any CPU.Build.0 = Debug|Any CPU
		{2DD1724F-0F00-4AB3-945D-5AA9884B4F97}.Release|Any CPU.ActiveCfg = Release|Any CPU
		{2DD1724F-0F00-4AB3-945D-5AA9884B4F97}.Release|Any CPU.Build.0 = Release|Any CPU
	EndGlobalSection
	GlobalSection(SolutionProperties) = preSolution
		HideSolutionNode = FALSE
	EndGlobalSection
	GlobalSection(NestedProjects) = preSolution
		{D11C32E9-5337-4A74-8E22-3DF1DEC9E25F} = {21DB24CB-B302-474B-9FC2-2A1243923C9C}
		{9C299D3B-83A3-498E-91A6-F2B353756002} = {908A8F5F-7DCB-4C83-AFF4-FB7EF8F210BE}
		{2DD1724F-0F00-4AB3-945D-5AA9884B4F97} = {21DB24CB-B302-474B-9FC2-2A1243923C9C}
	EndGlobalSection
	GlobalSection(ExtensibilityGlobals) = postSolution
		SolutionGuid = {601C4203-D9D2-4F0B-AF82-5014B33C00BB}
	EndGlobalSection
EndGlobal
